{
  "name": "rollup-test",
  "version": "1.0.0",
  "lockfileVersion": 1,
  "requires": true,
  "dependencies": {
    "@types/estree": {
      "version": "0.0.39",
      "resolved": "https://registry.npmjs.org/@types/estree/-/estree-0.0.39.tgz",
      "integrity": "sha512-EYNwp3bU+98cpU4lAWYYL7Zz+2gryWH1qbdDTidVd6hkiR6weksdbMadyXKXNPEkQFhXM+hVO9ZygomHXp+AIw=="
    },
    "@types/node": {
      "version": "12.12.8",
      "resolved": "https://registry.npmjs.org/@types/node/-/node-12.12.8.tgz",
      "integrity": "sha512-XLla8N+iyfjvsa0KKV+BP/iGSoTmwxsu5Ci5sM33z9TjohF72DEz95iNvD6pPmemvbQgxAv/909G73gUn8QR7w=="
    },
    "acorn": {
      "version": "7.1.0",
      "resolved": "https://registry.npmjs.org/acorn/-/acorn-7.1.0.tgz",
      "integrity": "sha512-kL5CuoXA/dgxlBbVrflsflzQ3PAas7RYZB52NOm/6839iVYJgKMJ3cQJD+t2i5+qFa8h3MDpEOJiS64E8JLnSQ=="
    },
    "estree-walker": {
      "version": "0.6.1",
      "resolved": "https://registry.npmjs.org/estree-walker/-/estree-walker-0.6.1.tgz",
      "integrity": "sha512-SqmZANLWS0mnatqbSfRP5g8OXZC12Fgg1IwNtLsyHDzJizORW4khDfjPqJZsemPWBB2uqykUah5YpQ6epsqC/w=="
    },
    "mime": {
      "version": "2.4.4",
      "resolved": "https://registry.npmjs.org/mime/-/mime-2.4.4.tgz",
      "integrity": "sha512-LRxmNwziLPT828z+4YkNzloCFC2YM4wrB99k+AV5ZbEyfGNWfG8SO1FUXLmLDBSo89NrJZ4DIWeLjy1CHGhMGA=="
    },
    "rollup": {
      "version": "1.27.0",
      "resolved": "https://registry.npmjs.org/rollup/-/rollup-1.27.0.tgz",
      "integrity": "sha512-yaMna4MJ8LLEHhHl1ilgHakylf0LKeQctDxhngZLQ+W57GnXa5vtH7XKaK8zlAhNEhlWiH5YFVFt+QCDPUmNkw==",
      "requires": {
        "@types/estree": "*",
        "@types/node": "*",
        "acorn": "^7.1.0"
      }
    },
    "rollup-plugin-url": {
      "version": "3.0.0",
      "resolved": "https://registry.npmjs.org/rollup-plugin-url/-/rollup-plugin-url-3.0.0.tgz",
      "integrity": "sha512-zeSVpWwsePvc6oTw5eyAlkfHhS6ZT9/pNVVgyzbeMTgd6rovxgg0FPE4o86b9Snembc0rCAaTvEsSfZinJMITw==",
      "requires": {
        "mime": "^2.4.4",
        "rollup-pluginutils": "^2.8.2"
      }
    },
    "rollup-pluginutils": {
      "version": "2.8.2",
      "resolved": "https://registry.npmjs.org/rollup-pluginutils/-/rollup-pluginutils-2.8.2.tgz",
      "integrity": "sha512-EEp9NhnUkwY8aif6bxgovPHMoMoNr2FulJziTndpt5H9RdwC47GSGuII9XxpSdzVGM0GWrNPHV6ie1LTNJPaLQ==",
      "requires": {
        "estree-walker": "^0.6.1"
      }
    }
  }
}
